
Microsoft Visual Studio Solution File, Format Version 12.00
# Visual Studio Version 17
VisualStudioVersion = 17.11.35222.181
MinimumVisualStudioVersion = 10.0.40219.1
Project("{FAE04EC0-301F-11D3-BF4B-00C04F79EFBC}") = "bai1", "bai1\bai1.csproj", "{17992924-DE0C-47B2-A956-E1ACCF9316DD}"
EndProject
Project("{FAE04EC0-301F-11D3-BF4B-00C04F79EFBC}") = "BAI22", "BAI22\BAI22.csproj", "{D0DA5DDE-69E6-43E5-94F7-F381F68C5C36}"
EndProject
Project("{FAE04EC0-301F-11D3-BF4B-00C04F79EFBC}") = "BAI3", "BAI3\BAI3.csproj", "{0BB29E48-3251-479C-8BD7-BA549643297F}"
EndProject
Global
	GlobalSection(SolutionConfigurationPlatforms) = preSolution
		Debug|Any CPU = Debug|Any CPU
		Release|Any CPU = Release|Any CPU
	EndGlobalSection
	GlobalSection(ProjectConfigurationPlatforms) = postSolution
		{17992924-DE0C-47B2-A956-E1ACCF9316DD}.Debug|Any CPU.ActiveCfg = Debug|Any CPU
		{17992924-DE0C-47B2-A956-E1ACCF9316DD}.Debug|Any CPU.Build.0 = Debug|Any CPU
		{17992924-DE0C-47B2-A956-E1ACCF9316DD}.Release|Any CPU.ActiveCfg = Release|Any CPU
		{17992924-DE0C-47B2-A956-E1ACCF9316DD}.Release|Any CPU.Build.0 = Release|Any CPU
		{D0DA5DDE-69E6-43E5-94F7-F381F68C5C36}.Debug|Any CPU.ActiveCfg = Debug|Any CPU
		{D0DA5DDE-69E6-43E5-94F7-F381F68C5C36}.Debug|Any CPU.Build.0 = Debug|Any CPU
		{D0DA5DDE-69E6-43E5-94F7-F381F68C5C36}.Release|Any CPU.ActiveCfg = Release|Any CPU
		{D0DA5DDE-69E6-43E5-94F7-F381F68C5C36}.Release|Any CPU.Build.0 = Release|Any CPU
		{0BB29E48-3251-479C-8BD7-BA549643297F}.Debug|Any CPU.ActiveCfg = Debug|Any CPU
		{0BB29E48-3251-479C-8BD7-BA549643297F}.Debug|Any CPU.Build.0 = Debug|Any CPU
		{0BB29E48-3251-479C-8BD7-BA549643297F}.Release|Any CPU.ActiveCfg = Release|Any CPU
		{0BB29E48-3251-479C-8BD7-BA549643297F}.Release|Any CPU.Build.0 = Release|Any CPU
	EndGlobalSection
	GlobalSection(SolutionProperties) = preSolution
		HideSolutionNode = FALSE
	EndGlobalSection
	GlobalSection(ExtensibilityGlobals) = postSolution
		SolutionGuid = {1FF044B5-7590-41CA-86B2-EFE0B0A98002}
	EndGlobalSection
EndGlobal
